
Microsoft Visual Studio Solution File, Format Version 11.00
# Visual Studio 2010
Project("{FAE04EC0-301F-11D3-BF4B-00C04F79EFBC}") = "IQMediaGroup.ExportClip", "IQMediaGroup.ExportClip\IQMediaGroup.ExportClip.csproj", "{20382C17-CD1E-4970-909E-3648DCD6FFD8}"
EndProject
Project("{FAE04EC0-301F-11D3-BF4B-00C04F79EFBC}") = "IQMediaGroup.ExportClip.Logic", "..\IQMediaGroup.ExportClip.Logic\IQMediaGroup.ExportClip.Logic.csproj", "{97CAD0C3-D0DF-41D3-8F72-FA424A61354E}"
EndProject
Project("{FAE04EC0-301F-11D3-BF4B-00C04F79EFBC}") = "IQMediaGroup.ExportClip.Domain", "..\IQMediaGroup.ExportClip.Domain\IQMediaGroup.ExportClip.Domain.csproj", "{CED49FF8-FBF6-4034-8D4D-C8F53C966F1F}"
EndProject
Global
	GlobalSection(TeamFoundationVersionControl) = preSolution
		SccNumberOfProjects = 4
		SccEnterpriseProvider = {4CA58AB2-18FA-4F8D-95D4-32DDF27D184C}
		SccTeamFoundationServer = http://dbvss:8080/
		SccLocalPath0 = .
		SccProjectUniqueName1 = IQMediaGroup.ExportClip\\IQMediaGroup.ExportClip.csproj
		SccProjectName1 = IQMediaGroup.ExportClip
		SccLocalPath1 = IQMediaGroup.ExportClip
		SccProjectUniqueName2 = ..\\IQMediaGroup.ExportClip.Logic\\IQMediaGroup.ExportClip.Logic.csproj
		SccProjectName2 = ../IQMediaGroup.ExportClip.Logic
		SccLocalPath2 = ..\\IQMediaGroup.ExportClip.Logic
		SccProjectUniqueName3 = ..\\IQMediaGroup.ExportClip.Domain\\IQMediaGroup.ExportClip.Domain.csproj
		SccProjectName3 = ../IQMediaGroup.ExportClip.Domain
		SccLocalPath3 = ..\\IQMediaGroup.ExportClip.Domain
	EndGlobalSection
	GlobalSection(SolutionConfigurationPlatforms) = preSolution
		Debug|Any CPU = Debug|Any CPU
		Release|Any CPU = Release|Any CPU
	EndGlobalSection
	GlobalSection(ProjectConfigurationPlatforms) = postSolution
		{20382C17-CD1E-4970-909E-3648DCD6FFD8}.Debug|Any CPU.ActiveCfg = Debug|Any CPU
		{20382C17-CD1E-4970-909E-3648DCD6FFD8}.Debug|Any CPU.Build.0 = Debug|Any CPU
		{20382C17-CD1E-4970-909E-3648DCD6FFD8}.Release|Any CPU.ActiveCfg = Release|Any CPU
		{20382C17-CD1E-4970-909E-3648DCD6FFD8}.Release|Any CPU.Build.0 = Release|Any CPU
		{97CAD0C3-D0DF-41D3-8F72-FA424A61354E}.Debug|Any CPU.ActiveCfg = Debug|Any CPU
		{97CAD0C3-D0DF-41D3-8F72-FA424A61354E}.Debug|Any CPU.Build.0 = Debug|Any CPU
		{97CAD0C3-D0DF-41D3-8F72-FA424A61354E}.Release|Any CPU.ActiveCfg = Release|Any CPU
		{97CAD0C3-D0DF-41D3-8F72-FA424A61354E}.Release|Any CPU.Build.0 = Release|Any CPU
		{CED49FF8-FBF6-4034-8D4D-C8F53C966F1F}.Debug|Any CPU.ActiveCfg = Debug|Any CPU
		{CED49FF8-FBF6-4034-8D4D-C8F53C966F1F}.Debug|Any CPU.Build.0 = Debug|Any CPU
		{CED49FF8-FBF6-4034-8D4D-C8F53C966F1F}.Release|Any CPU.ActiveCfg = Release|Any CPU
		{CED49FF8-FBF6-4034-8D4D-C8F53C966F1F}.Release|Any CPU.Build.0 = Release|Any CPU
	EndGlobalSection
	GlobalSection(SolutionProperties) = preSolution
		HideSolutionNode = FALSE
	EndGlobalSection
EndGlobal
