
Microsoft Visual Studio Solution File, Format Version 11.00
# Visual Studio 2010
Project("{8BC9CEB8-8B4A-11D0-8D11-00A0C91BC942}") = "Mp4Capture", "Mp4Capture.vcxproj", "{EBF432DF-7EC2-4B09-A264-B1710046F3CF}"
EndProject
Global
	GlobalSection(TeamFoundationVersionControl) = preSolution
		SccNumberOfProjects = 2
		SccEnterpriseProvider = {4CA58AB2-18FA-4F8D-95D4-32DDF27D184C}
		SccTeamFoundationServer = http://dbvss:8080/
		SccLocalPath0 = .
		SccProjectUniqueName1 = Mp4Capture.vcxproj
		SccLocalPath1 = .
	EndGlobalSection
	GlobalSection(SolutionConfigurationPlatforms) = preSolution
		Debug|Win32 = Debug|Win32
		Debug|x64 = Debug|x64
		Release|Win32 = Release|Win32
		Release|x64 = Release|x64
	EndGlobalSection
	GlobalSection(ProjectConfigurationPlatforms) = postSolution
		{EBF432DF-7EC2-4B09-A264-B1710046F3CF}.Debug|Win32.ActiveCfg = Debug|Win32
		{EBF432DF-7EC2-4B09-A264-B1710046F3CF}.Debug|Win32.Build.0 = Debug|Win32
		{EBF432DF-7EC2-4B09-A264-B1710046F3CF}.Debug|x64.ActiveCfg = Debug|x64
		{EBF432DF-7EC2-4B09-A264-B1710046F3CF}.Debug|x64.Build.0 = Debug|x64
		{EBF432DF-7EC2-4B09-A264-B1710046F3CF}.Release|Win32.ActiveCfg = Release|Win32
		{EBF432DF-7EC2-4B09-A264-B1710046F3CF}.Release|Win32.Build.0 = Release|Win32
		{EBF432DF-7EC2-4B09-A264-B1710046F3CF}.Release|x64.ActiveCfg = Release|x64
		{EBF432DF-7EC2-4B09-A264-B1710046F3CF}.Release|x64.Build.0 = Release|x64
	EndGlobalSection
	GlobalSection(SolutionProperties) = preSolution
		HideSolutionNode = FALSE
	EndGlobalSection
EndGlobal
